// !$*UTF8*$!
{
	archiveVersion = 1;
	classes = {
	};
	objectVersion = 46;
	objects = {

/* Begin PBXAggregateTarget section */
		"FunctionalRequest::FunctionalRequestPackageTests::ProductTarget" /* FunctionalRequestPackageTests */ = {
			isa = PBXAggregateTarget;
			buildConfigurationList = OBJ_123 /* Build configuration list for PBXAggregateTarget "FunctionalRequestPackageTests" */;
			buildPhases = (
			);
			dependencies = (
				OBJ_126 /* PBXTargetDependency */,
			);
			name = FunctionalRequestPackageTests;
			productName = FunctionalRequestPackageTests;
		};
/* End PBXAggregateTarget section */

/* Begin PBXBuildFile section */
		OBJ_103 /* Package.swift in Sources */ = {isa = PBXBuildFile; fileRef = OBJ_18 /* Package.swift */; };
		OBJ_109 /* Configuration.swift in Sources */ = {isa = PBXBuildFile; fileRef = OBJ_8 /* Configuration.swift */; };
		OBJ_110 /* DataRequest.swift in Sources */ = {isa = PBXBuildFile; fileRef = OBJ_9 /* DataRequest.swift */; };
		OBJ_111 /* DataRequestable.swift in Sources */ = {isa = PBXBuildFile; fileRef = OBJ_10 /* DataRequestable.swift */; };
		OBJ_112 /* DataResponse+Cache.swift in Sources */ = {isa = PBXBuildFile; fileRef = OBJ_11 /* DataResponse+Cache.swift */; };
		OBJ_114 /* Alamofire.framework in Frameworks */ = {isa = PBXBuildFile; fileRef = "Alamofire::Alamofire::Product" /* Alamofire.framework */; };
		OBJ_121 /* Package.swift in Sources */ = {isa = PBXBuildFile; fileRef = OBJ_6 /* Package.swift */; };
		OBJ_132 /* FunctionalRequestTests.swift in Sources */ = {isa = PBXBuildFile; fileRef = OBJ_14 /* FunctionalRequestTests.swift */; };
		OBJ_133 /* XCTestManifests.swift in Sources */ = {isa = PBXBuildFile; fileRef = OBJ_15 /* XCTestManifests.swift */; };
		OBJ_135 /* FunctionalRequest.framework in Frameworks */ = {isa = PBXBuildFile; fileRef = "FunctionalRequest::FunctionalRequest::Product" /* FunctionalRequest.framework */; };
		OBJ_136 /* Alamofire.framework in Frameworks */ = {isa = PBXBuildFile; fileRef = "Alamofire::Alamofire::Product" /* Alamofire.framework */; };
		OBJ_64 /* AFError.swift in Sources */ = {isa = PBXBuildFile; fileRef = OBJ_19 /* AFError.swift */; };
		OBJ_65 /* Alamofire.swift in Sources */ = {isa = PBXBuildFile; fileRef = OBJ_20 /* Alamofire.swift */; };
		OBJ_66 /* AlamofireExtended.swift in Sources */ = {isa = PBXBuildFile; fileRef = OBJ_21 /* AlamofireExtended.swift */; };
		OBJ_67 /* CachedResponseHandler.swift in Sources */ = {isa = PBXBuildFile; fileRef = OBJ_22 /* CachedResponseHandler.swift */; };
		OBJ_68 /* DispatchQueue+Alamofire.swift in Sources */ = {isa = PBXBuildFile; fileRef = OBJ_23 /* DispatchQueue+Alamofire.swift */; };
		OBJ_69 /* EventMonitor.swift in Sources */ = {isa = PBXBuildFile; fileRef = OBJ_24 /* EventMonitor.swift */; };
		OBJ_70 /* HTTPHeaders.swift in Sources */ = {isa = PBXBuildFile; fileRef = OBJ_25 /* HTTPHeaders.swift */; };
		OBJ_71 /* HTTPMethod.swift in Sources */ = {isa = PBXBuildFile; fileRef = OBJ_26 /* HTTPMethod.swift */; };
		OBJ_72 /* MultipartFormData.swift in Sources */ = {isa = PBXBuildFile; fileRef = OBJ_27 /* MultipartFormData.swift */; };
		OBJ_73 /* MultipartUpload.swift in Sources */ = {isa = PBXBuildFile; fileRef = OBJ_28 /* MultipartUpload.swift */; };
		OBJ_74 /* NetworkReachabilityManager.swift in Sources */ = {isa = PBXBuildFile; fileRef = OBJ_29 /* NetworkReachabilityManager.swift */; };
		OBJ_75 /* Notifications.swift in Sources */ = {isa = PBXBuildFile; fileRef = OBJ_30 /* Notifications.swift */; };
		OBJ_76 /* OperationQueue+Alamofire.swift in Sources */ = {isa = PBXBuildFile; fileRef = OBJ_31 /* OperationQueue+Alamofire.swift */; };
		OBJ_77 /* ParameterEncoder.swift in Sources */ = {isa = PBXBuildFile; fileRef = OBJ_32 /* ParameterEncoder.swift */; };
		OBJ_78 /* ParameterEncoding.swift in Sources */ = {isa = PBXBuildFile; fileRef = OBJ_33 /* ParameterEncoding.swift */; };
		OBJ_79 /* Protected.swift in Sources */ = {isa = PBXBuildFile; fileRef = OBJ_34 /* Protected.swift */; };
		OBJ_80 /* RedirectHandler.swift in Sources */ = {isa = PBXBuildFile; fileRef = OBJ_35 /* RedirectHandler.swift */; };
		OBJ_81 /* Request.swift in Sources */ = {isa = PBXBuildFile; fileRef = OBJ_36 /* Request.swift */; };
		OBJ_82 /* RequestInterceptor.swift in Sources */ = {isa = PBXBuildFile; fileRef = OBJ_37 /* RequestInterceptor.swift */; };
		OBJ_83 /* RequestTaskMap.swift in Sources */ = {isa = PBXBuildFile; fileRef = OBJ_38 /* RequestTaskMap.swift */; };
		OBJ_84 /* Response.swift in Sources */ = {isa = PBXBuildFile; fileRef = OBJ_39 /* Response.swift */; };
		OBJ_85 /* ResponseSerialization.swift in Sources */ = {isa = PBXBuildFile; fileRef = OBJ_40 /* ResponseSerialization.swift */; };
		OBJ_86 /* Result+Alamofire.swift in Sources */ = {isa = PBXBuildFile; fileRef = OBJ_41 /* Result+Alamofire.swift */; };
		OBJ_87 /* RetryPolicy.swift in Sources */ = {isa = PBXBuildFile; fileRef = OBJ_42 /* RetryPolicy.swift */; };
		OBJ_88 /* ServerTrustEvaluation.swift in Sources */ = {isa = PBXBuildFile; fileRef = OBJ_43 /* ServerTrustEvaluation.swift */; };
		OBJ_89 /* Session.swift in Sources */ = {isa = PBXBuildFile; fileRef = OBJ_44 /* Session.swift */; };
		OBJ_90 /* SessionDelegate.swift in Sources */ = {isa = PBXBuildFile; fileRef = OBJ_45 /* SessionDelegate.swift */; };
		OBJ_91 /* StringEncoding+Alamofire.swift in Sources */ = {isa = PBXBuildFile; fileRef = OBJ_46 /* StringEncoding+Alamofire.swift */; };
		OBJ_92 /* URLConvertible+URLRequestConvertible.swift in Sources */ = {isa = PBXBuildFile; fileRef = OBJ_47 /* URLConvertible+URLRequestConvertible.swift */; };
		OBJ_93 /* URLEncodedFormEncoder.swift in Sources */ = {isa = PBXBuildFile; fileRef = OBJ_48 /* URLEncodedFormEncoder.swift */; };
		OBJ_94 /* URLRequest+Alamofire.swift in Sources */ = {isa = PBXBuildFile; fileRef = OBJ_49 /* URLRequest+Alamofire.swift */; };
		OBJ_95 /* URLSessionConfiguration+Alamofire.swift in Sources */ = {isa = PBXBuildFile; fileRef = OBJ_50 /* URLSessionConfiguration+Alamofire.swift */; };
		OBJ_96 /* Validation.swift in Sources */ = {isa = PBXBuildFile; fileRef = OBJ_51 /* Validation.swift */; };
/* End PBXBuildFile section */

/* Begin PBXContainerItemProxy section */
		2147EB07247BDA7F0044EB37 /* PBXContainerItemProxy */ = {
			isa = PBXContainerItemProxy;
			containerPortal = OBJ_1 /* Project object */;
			proxyType = 1;
			remoteGlobalIDString = "Alamofire::Alamofire";
			remoteInfo = Alamofire;
		};
		2147EB08247BDA7F0044EB37 /* PBXContainerItemProxy */ = {
			isa = PBXContainerItemProxy;
			containerPortal = OBJ_1 /* Project object */;
			proxyType = 1;
			remoteGlobalIDString = "FunctionalRequest::FunctionalRequest";
			remoteInfo = FunctionalRequest;
		};
		2147EB09247BDA7F0044EB37 /* PBXContainerItemProxy */ = {
			isa = PBXContainerItemProxy;
			containerPortal = OBJ_1 /* Project object */;
			proxyType = 1;
			remoteGlobalIDString = "Alamofire::Alamofire";
			remoteInfo = Alamofire;
		};
/* End PBXContainerItemProxy section */

/* Begin PBXFileReference section */
		"Alamofire::Alamofire::Product" /* Alamofire.framework */ = {isa = PBXFileReference; lastKnownFileType = wrapper.framework; path = Alamofire.framework; sourceTree = BUILT_PRODUCTS_DIR; };
		"FunctionalRequest::FunctionalRequest::Product" /* FunctionalRequest.framework */ = {isa = PBXFileReference; lastKnownFileType = wrapper.framework; path = FunctionalRequest.framework; sourceTree = BUILT_PRODUCTS_DIR; };
		"FunctionalRequest::FunctionalRequestTests::Product" /* FunctionalRequestTests.xctest */ = {isa = PBXFileReference; lastKnownFileType = file; path = FunctionalRequestTests.xctest; sourceTree = BUILT_PRODUCTS_DIR; };
		OBJ_10 /* DataRequestable.swift */ = {isa = PBXFileReference; lastKnownFileType = sourcecode.swift; path = DataRequestable.swift; sourceTree = "<group>"; };
		OBJ_11 /* DataResponse+Cache.swift */ = {isa = PBXFileReference; lastKnownFileType = sourcecode.swift; path = "DataResponse+Cache.swift"; sourceTree = "<group>"; };
		OBJ_14 /* FunctionalRequestTests.swift */ = {isa = PBXFileReference; lastKnownFileType = sourcecode.swift; path = FunctionalRequestTests.swift; sourceTree = "<group>"; };
		OBJ_15 /* XCTestManifests.swift */ = {isa = PBXFileReference; lastKnownFileType = sourcecode.swift; path = XCTestManifests.swift; sourceTree = "<group>"; };
		OBJ_18 /* Package.swift */ = {isa = PBXFileReference; explicitFileType = sourcecode.swift; name = Package.swift; path = /Users/wangluguang/Documents/repo/FunctionalRequest/.build/checkouts/Alamofire/Package.swift; sourceTree = "<group>"; };
		OBJ_19 /* AFError.swift */ = {isa = PBXFileReference; lastKnownFileType = sourcecode.swift; path = AFError.swift; sourceTree = "<group>"; };
		OBJ_20 /* Alamofire.swift */ = {isa = PBXFileReference; lastKnownFileType = sourcecode.swift; path = Alamofire.swift; sourceTree = "<group>"; };
		OBJ_21 /* AlamofireExtended.swift */ = {isa = PBXFileReference; lastKnownFileType = sourcecode.swift; path = AlamofireExtended.swift; sourceTree = "<group>"; };
		OBJ_22 /* CachedResponseHandler.swift */ = {isa = PBXFileReference; lastKnownFileType = sourcecode.swift; path = CachedResponseHandler.swift; sourceTree = "<group>"; };
		OBJ_23 /* DispatchQueue+Alamofire.swift */ = {isa = PBXFileReference; lastKnownFileType = sourcecode.swift; path = "DispatchQueue+Alamofire.swift"; sourceTree = "<group>"; };
		OBJ_24 /* EventMonitor.swift */ = {isa = PBXFileReference; lastKnownFileType = sourcecode.swift; path = EventMonitor.swift; sourceTree = "<group>"; };
		OBJ_25 /* HTTPHeaders.swift */ = {isa = PBXFileReference; lastKnownFileType = sourcecode.swift; path = HTTPHeaders.swift; sourceTree = "<group>"; };
		OBJ_26 /* HTTPMethod.swift */ = {isa = PBXFileReference; lastKnownFileType = sourcecode.swift; path = HTTPMethod.swift; sourceTree = "<group>"; };
		OBJ_27 /* MultipartFormData.swift */ = {isa = PBXFileReference; lastKnownFileType = sourcecode.swift; path = MultipartFormData.swift; sourceTree = "<group>"; };
		OBJ_28 /* MultipartUpload.swift */ = {isa = PBXFileReference; lastKnownFileType = sourcecode.swift; path = MultipartUpload.swift; sourceTree = "<group>"; };
		OBJ_29 /* NetworkReachabilityManager.swift */ = {isa = PBXFileReference; lastKnownFileType = sourcecode.swift; path = NetworkReachabilityManager.swift; sourceTree = "<group>"; };
		OBJ_30 /* Notifications.swift */ = {isa = PBXFileReference; lastKnownFileType = sourcecode.swift; path = Notifications.swift; sourceTree = "<group>"; };
		OBJ_31 /* OperationQueue+Alamofire.swift */ = {isa = PBXFileReference; lastKnownFileType = sourcecode.swift; path = "OperationQueue+Alamofire.swift"; sourceTree = "<group>"; };
		OBJ_32 /* ParameterEncoder.swift */ = {isa = PBXFileReference; lastKnownFileType = sourcecode.swift; path = ParameterEncoder.swift; sourceTree = "<group>"; };
		OBJ_33 /* ParameterEncoding.swift */ = {isa = PBXFileReference; lastKnownFileType = sourcecode.swift; path = ParameterEncoding.swift; sourceTree = "<group>"; };
		OBJ_34 /* Protected.swift */ = {isa = PBXFileReference; lastKnownFileType = sourcecode.swift; path = Protected.swift; sourceTree = "<group>"; };
		OBJ_35 /* RedirectHandler.swift */ = {isa = PBXFileReference; lastKnownFileType = sourcecode.swift; path = RedirectHandler.swift; sourceTree = "<group>"; };
		OBJ_36 /* Request.swift */ = {isa = PBXFileReference; lastKnownFileType = sourcecode.swift; path = Request.swift; sourceTree = "<group>"; };
		OBJ_37 /* RequestInterceptor.swift */ = {isa = PBXFileReference; lastKnownFileType = sourcecode.swift; path = RequestInterceptor.swift; sourceTree = "<group>"; };
		OBJ_38 /* RequestTaskMap.swift */ = {isa = PBXFileReference; lastKnownFileType = sourcecode.swift; path = RequestTaskMap.swift; sourceTree = "<group>"; };
		OBJ_39 /* Response.swift */ = {isa = PBXFileReference; lastKnownFileType = sourcecode.swift; path = Response.swift; sourceTree = "<group>"; };
		OBJ_40 /* ResponseSerialization.swift */ = {isa = PBXFileReference; lastKnownFileType = sourcecode.swift; path = ResponseSerialization.swift; sourceTree = "<group>"; };
		OBJ_41 /* Result+Alamofire.swift */ = {isa = PBXFileReference; lastKnownFileType = sourcecode.swift; path = "Result+Alamofire.swift"; sourceTree = "<group>"; };
		OBJ_42 /* RetryPolicy.swift */ = {isa = PBXFileReference; lastKnownFileType = sourcecode.swift; path = RetryPolicy.swift; sourceTree = "<group>"; };
		OBJ_43 /* ServerTrustEvaluation.swift */ = {isa = PBXFileReference; lastKnownFileType = sourcecode.swift; path = ServerTrustEvaluation.swift; sourceTree = "<group>"; };
		OBJ_44 /* Session.swift */ = {isa = PBXFileReference; lastKnownFileType = sourcecode.swift; path = Session.swift; sourceTree = "<group>"; };
		OBJ_45 /* SessionDelegate.swift */ = {isa = PBXFileReference; lastKnownFileType = sourcecode.swift; path = SessionDelegate.swift; sourceTree = "<group>"; };
		OBJ_46 /* StringEncoding+Alamofire.swift */ = {isa = PBXFileReference; lastKnownFileType = sourcecode.swift; path = "StringEncoding+Alamofire.swift"; sourceTree = "<group>"; };
		OBJ_47 /* URLConvertible+URLRequestConvertible.swift */ = {isa = PBXFileReference; lastKnownFileType = sourcecode.swift; path = "URLConvertible+URLRequestConvertible.swift"; sourceTree = "<group>"; };
		OBJ_48 /* URLEncodedFormEncoder.swift */ = {isa = PBXFileReference; lastKnownFileType = sourcecode.swift; path = URLEncodedFormEncoder.swift; sourceTree = "<group>"; };
		OBJ_49 /* URLRequest+Alamofire.swift */ = {isa = PBXFileReference; lastKnownFileType = sourcecode.swift; path = "URLRequest+Alamofire.swift"; sourceTree = "<group>"; };
		OBJ_50 /* URLSessionConfiguration+Alamofire.swift */ = {isa = PBXFileReference; lastKnownFileType = sourcecode.swift; path = "URLSessionConfiguration+Alamofire.swift"; sourceTree = "<group>"; };
		OBJ_51 /* Validation.swift */ = {isa = PBXFileReference; lastKnownFileType = sourcecode.swift; path = Validation.swift; sourceTree = "<group>"; };
		OBJ_56 /* LICENSE */ = {isa = PBXFileReference; lastKnownFileType = text; path = LICENSE; sourceTree = "<group>"; };
		OBJ_57 /* README.md */ = {isa = PBXFileReference; lastKnownFileType = net.daringfireball.markdown; path = README.md; sourceTree = "<group>"; };
		OBJ_58 /* FunctionalRequest.podspec */ = {isa = PBXFileReference; lastKnownFileType = text; path = FunctionalRequest.podspec; sourceTree = "<group>"; };
		OBJ_6 /* Package.swift */ = {isa = PBXFileReference; explicitFileType = sourcecode.swift; path = Package.swift; sourceTree = "<group>"; };
		OBJ_8 /* Configuration.swift */ = {isa = PBXFileReference; lastKnownFileType = sourcecode.swift; path = Configuration.swift; sourceTree = "<group>"; };
		OBJ_9 /* DataRequest.swift */ = {isa = PBXFileReference; lastKnownFileType = sourcecode.swift; path = DataRequest.swift; sourceTree = "<group>"; };
/* End PBXFileReference section */

/* Begin PBXFrameworksBuildPhase section */
		OBJ_113 /* Frameworks */ = {
			isa = PBXFrameworksBuildPhase;
			buildActionMask = 0;
			files = (
				OBJ_114 /* Alamofire.framework in Frameworks */,
			);
			runOnlyForDeploymentPostprocessing = 0;
		};
		OBJ_134 /* Frameworks */ = {
			isa = PBXFrameworksBuildPhase;
			buildActionMask = 0;
			files = (
				OBJ_135 /* FunctionalRequest.framework in Frameworks */,
				OBJ_136 /* Alamofire.framework in Frameworks */,
			);
			runOnlyForDeploymentPostprocessing = 0;
		};
		OBJ_97 /* Frameworks */ = {
			isa = PBXFrameworksBuildPhase;
			buildActionMask = 0;
			files = (
			);
			runOnlyForDeploymentPostprocessing = 0;
		};
/* End PBXFrameworksBuildPhase section */

/* Begin PBXGroup section */
		OBJ_12 /* Tests */ = {
			isa = PBXGroup;
			children = (
				OBJ_13 /* FunctionalRequestTests */,
			);
			name = Tests;
			sourceTree = SOURCE_ROOT;
		};
		OBJ_13 /* FunctionalRequestTests */ = {
			isa = PBXGroup;
			children = (
				OBJ_14 /* FunctionalRequestTests.swift */,
				OBJ_15 /* XCTestManifests.swift */,
			);
			name = FunctionalRequestTests;
			path = Tests/FunctionalRequestTests;
			sourceTree = SOURCE_ROOT;
		};
		OBJ_16 /* Dependencies */ = {
			isa = PBXGroup;
			children = (
				OBJ_17 /* Alamofire 5.1.0 */,
			);
			name = Dependencies;
			sourceTree = "<group>";
		};
		OBJ_17 /* Alamofire 5.1.0 */ = {
			isa = PBXGroup;
			children = (
				OBJ_18 /* Package.swift */,
				OBJ_19 /* AFError.swift */,
				OBJ_20 /* Alamofire.swift */,
				OBJ_21 /* AlamofireExtended.swift */,
				OBJ_22 /* CachedResponseHandler.swift */,
				OBJ_23 /* DispatchQueue+Alamofire.swift */,
				OBJ_24 /* EventMonitor.swift */,
				OBJ_25 /* HTTPHeaders.swift */,
				OBJ_26 /* HTTPMethod.swift */,
				OBJ_27 /* MultipartFormData.swift */,
				OBJ_28 /* MultipartUpload.swift */,
				OBJ_29 /* NetworkReachabilityManager.swift */,
				OBJ_30 /* Notifications.swift */,
				OBJ_31 /* OperationQueue+Alamofire.swift */,
				OBJ_32 /* ParameterEncoder.swift */,
				OBJ_33 /* ParameterEncoding.swift */,
				OBJ_34 /* Protected.swift */,
				OBJ_35 /* RedirectHandler.swift */,
				OBJ_36 /* Request.swift */,
				OBJ_37 /* RequestInterceptor.swift */,
				OBJ_38 /* RequestTaskMap.swift */,
				OBJ_39 /* Response.swift */,
				OBJ_40 /* ResponseSerialization.swift */,
				OBJ_41 /* Result+Alamofire.swift */,
				OBJ_42 /* RetryPolicy.swift */,
				OBJ_43 /* ServerTrustEvaluation.swift */,
				OBJ_44 /* Session.swift */,
				OBJ_45 /* SessionDelegate.swift */,
				OBJ_46 /* StringEncoding+Alamofire.swift */,
				OBJ_47 /* URLConvertible+URLRequestConvertible.swift */,
				OBJ_48 /* URLEncodedFormEncoder.swift */,
				OBJ_49 /* URLRequest+Alamofire.swift */,
				OBJ_50 /* URLSessionConfiguration+Alamofire.swift */,
				OBJ_51 /* Validation.swift */,
			);
			name = "Alamofire 5.1.0";
			path = .build/checkouts/Alamofire/Source;
			sourceTree = SOURCE_ROOT;
		};
		OBJ_5 = {
			isa = PBXGroup;
			children = (
				OBJ_6 /* Package.swift */,
				OBJ_7 /* Sources */,
				OBJ_12 /* Tests */,
				OBJ_16 /* Dependencies */,
				OBJ_52 /* Products */,
				OBJ_56 /* LICENSE */,
				OBJ_57 /* README.md */,
				OBJ_58 /* FunctionalRequest.podspec */,
			);
			sourceTree = "<group>";
		};
		OBJ_52 /* Products */ = {
			isa = PBXGroup;
			children = (
				"Alamofire::Alamofire::Product" /* Alamofire.framework */,
				"FunctionalRequest::FunctionalRequest::Product" /* FunctionalRequest.framework */,
				"FunctionalRequest::FunctionalRequestTests::Product" /* FunctionalRequestTests.xctest */,
			);
			name = Products;
			sourceTree = BUILT_PRODUCTS_DIR;
		};
		OBJ_7 /* Sources */ = {
			isa = PBXGroup;
			children = (
				OBJ_8 /* Configuration.swift */,
				OBJ_9 /* DataRequest.swift */,
				OBJ_10 /* DataRequestable.swift */,
				OBJ_11 /* DataResponse+Cache.swift */,
			);
			path = Sources;
			sourceTree = SOURCE_ROOT;
		};
/* End PBXGroup section */

/* Begin PBXNativeTarget section */
		"Alamofire::Alamofire" /* Alamofire */ = {
			isa = PBXNativeTarget;
			buildConfigurationList = OBJ_60 /* Build configuration list for PBXNativeTarget "Alamofire" */;
			buildPhases = (
				OBJ_63 /* Sources */,
				OBJ_97 /* Frameworks */,
			);
			buildRules = (
			);
			dependencies = (
			);
			name = Alamofire;
			productName = Alamofire;
			productReference = "Alamofire::Alamofire::Product" /* Alamofire.framework */;
			productType = "com.apple.product-type.framework";
		};
		"Alamofire::SwiftPMPackageDescription" /* AlamofirePackageDescription */ = {
			isa = PBXNativeTarget;
			buildConfigurationList = OBJ_99 /* Build configuration list for PBXNativeTarget "AlamofirePackageDescription" */;
			buildPhases = (
				OBJ_102 /* Sources */,
			);
			buildRules = (
			);
			dependencies = (
			);
			name = AlamofirePackageDescription;
			productName = AlamofirePackageDescription;
			productType = "com.apple.product-type.framework";
		};
		"FunctionalRequest::FunctionalRequest" /* FunctionalRequest */ = {
			isa = PBXNativeTarget;
			buildConfigurationList = OBJ_105 /* Build configuration list for PBXNativeTarget "FunctionalRequest" */;
			buildPhases = (
				OBJ_108 /* Sources */,
				OBJ_113 /* Frameworks */,
			);
			buildRules = (
			);
			dependencies = (
				OBJ_115 /* PBXTargetDependency */,
			);
			name = FunctionalRequest;
			productName = FunctionalRequest;
			productReference = "FunctionalRequest::FunctionalRequest::Product" /* FunctionalRequest.framework */;
			productType = "com.apple.product-type.framework";
		};
		"FunctionalRequest::FunctionalRequestTests" /* FunctionalRequestTests */ = {
			isa = PBXNativeTarget;
			buildConfigurationList = OBJ_128 /* Build configuration list for PBXNativeTarget "FunctionalRequestTests" */;
			buildPhases = (
				OBJ_131 /* Sources */,
				OBJ_134 /* Frameworks */,
			);
			buildRules = (
			);
			dependencies = (
				OBJ_137 /* PBXTargetDependency */,
				OBJ_138 /* PBXTargetDependency */,
			);
			name = FunctionalRequestTests;
			productName = FunctionalRequestTests;
			productReference = "FunctionalRequest::FunctionalRequestTests::Product" /* FunctionalRequestTests.xctest */;
			productType = "com.apple.product-type.bundle.unit-test";
		};
		"FunctionalRequest::SwiftPMPackageDescription" /* FunctionalRequestPackageDescription */ = {
			isa = PBXNativeTarget;
			buildConfigurationList = OBJ_117 /* Build configuration list for PBXNativeTarget "FunctionalRequestPackageDescription" */;
			buildPhases = (
				OBJ_120 /* Sources */,
			);
			buildRules = (
			);
			dependencies = (
			);
			name = FunctionalRequestPackageDescription;
			productName = FunctionalRequestPackageDescription;
			productType = "com.apple.product-type.framework";
		};
/* End PBXNativeTarget section */

/* Begin PBXProject section */
		OBJ_1 /* Project object */ = {
			isa = PBXProject;
			attributes = {
				LastSwiftMigration = 9999;
				LastUpgradeCheck = 9999;
			};
			buildConfigurationList = OBJ_2 /* Build configuration list for PBXProject "FunctionalRequest" */;
			compatibilityVersion = "Xcode 3.2";
			developmentRegion = en;
			hasScannedForEncodings = 0;
			knownRegions = (
				en,
			);
			mainGroup = OBJ_5;
			productRefGroup = OBJ_52 /* Products */;
			projectDirPath = "";
			projectRoot = "";
			targets = (
				"Alamofire::Alamofire" /* Alamofire */,
				"Alamofire::SwiftPMPackageDescription" /* AlamofirePackageDescription */,
				"FunctionalRequest::FunctionalRequest" /* FunctionalRequest */,
				"FunctionalRequest::SwiftPMPackageDescription" /* FunctionalRequestPackageDescription */,
				"FunctionalRequest::FunctionalRequestPackageTests::ProductTarget" /* FunctionalRequestPackageTests */,
				"FunctionalRequest::FunctionalRequestTests" /* FunctionalRequestTests */,
			);
		};
/* End PBXProject section */

/* Begin PBXSourcesBuildPhase section */
		OBJ_102 /* Sources */ = {
			isa = PBXSourcesBuildPhase;
			buildActionMask = 0;
			files = (
				OBJ_103 /* Package.swift in Sources */,
			);
			runOnlyForDeploymentPostprocessing = 0;
		};
		OBJ_108 /* Sources */ = {
			isa = PBXSourcesBuildPhase;
			buildActionMask = 0;
			files = (
				OBJ_109 /* Configuration.swift in Sources */,
				OBJ_110 /* DataRequest.swift in Sources */,
				OBJ_111 /* DataRequestable.swift in Sources */,
				OBJ_112 /* DataResponse+Cache.swift in Sources */,
			);
			runOnlyForDeploymentPostprocessing = 0;
		};
		OBJ_120 /* Sources */ = {
			isa = PBXSourcesBuildPhase;
			buildActionMask = 0;
			files = (
				OBJ_121 /* Package.swift in Sources */,
			);
			runOnlyForDeploymentPostprocessing = 0;
		};
		OBJ_131 /* Sources */ = {
			isa = PBXSourcesBuildPhase;
			buildActionMask = 0;
			files = (
				OBJ_132 /* FunctionalRequestTests.swift in Sources */,
				OBJ_133 /* XCTestManifests.swift in Sources */,
			);
			runOnlyForDeploymentPostprocessing = 0;
		};
		OBJ_63 /* Sources */ = {
			isa = PBXSourcesBuildPhase;
			buildActionMask = 0;
			files = (
				OBJ_64 /* AFError.swift in Sources */,
				OBJ_65 /* Alamofire.swift in Sources */,
				OBJ_66 /* AlamofireExtended.swift in Sources */,
				OBJ_67 /* CachedResponseHandler.swift in Sources */,
				OBJ_68 /* DispatchQueue+Alamofire.swift in Sources */,
				OBJ_69 /* EventMonitor.swift in Sources */,
				OBJ_70 /* HTTPHeaders.swift in Sources */,
				OBJ_71 /* HTTPMethod.swift in Sources */,
				OBJ_72 /* MultipartFormData.swift in Sources */,
				OBJ_73 /* MultipartUpload.swift in Sources */,
				OBJ_74 /* NetworkReachabilityManager.swift in Sources */,
				OBJ_75 /* Notifications.swift in Sources */,
				OBJ_76 /* OperationQueue+Alamofire.swift in Sources */,
				OBJ_77 /* ParameterEncoder.swift in Sources */,
				OBJ_78 /* ParameterEncoding.swift in Sources */,
				OBJ_79 /* Protected.swift in Sources */,
				OBJ_80 /* RedirectHandler.swift in Sources */,
				OBJ_81 /* Request.swift in Sources */,
				OBJ_82 /* RequestInterceptor.swift in Sources */,
				OBJ_83 /* RequestTaskMap.swift in Sources */,
				OBJ_84 /* Response.swift in Sources */,
				OBJ_85 /* ResponseSerialization.swift in Sources */,
				OBJ_86 /* Result+Alamofire.swift in Sources */,
				OBJ_87 /* RetryPolicy.swift in Sources */,
				OBJ_88 /* ServerTrustEvaluation.swift in Sources */,
				OBJ_89 /* Session.swift in Sources */,
				OBJ_90 /* SessionDelegate.swift in Sources */,
				OBJ_91 /* StringEncoding+Alamofire.swift in Sources */,
				OBJ_92 /* URLConvertible+URLRequestConvertible.swift in Sources */,
				OBJ_93 /* URLEncodedFormEncoder.swift in Sources */,
				OBJ_94 /* URLRequest+Alamofire.swift in Sources */,
				OBJ_95 /* URLSessionConfiguration+Alamofire.swift in Sources */,
				OBJ_96 /* Validation.swift in Sources */,
			);
			runOnlyForDeploymentPostprocessing = 0;
		};
/* End PBXSourcesBuildPhase section */

/* Begin PBXTargetDependency section */
		OBJ_115 /* PBXTargetDependency */ = {
			isa = PBXTargetDependency;
			target = "Alamofire::Alamofire" /* Alamofire */;
			targetProxy = 2147EB07247BDA7F0044EB37 /* PBXContainerItemProxy */;
		};
		OBJ_126 /* PBXTargetDependency */ = {
			isa = PBXTargetDependency;
			target = "FunctionalRequest::FunctionalRequestTests" /* FunctionalRequestTests */;
			targetProxy = "FunctionalRequest::FunctionalRequestTests" /* FunctionalRequestTests */;
		};
		OBJ_137 /* PBXTargetDependency */ = {
			isa = PBXTargetDependency;
			target = "FunctionalRequest::FunctionalRequest" /* FunctionalRequest */;
			targetProxy = 2147EB08247BDA7F0044EB37 /* PBXContainerItemProxy */;
		};
		OBJ_138 /* PBXTargetDependency */ = {
			isa = PBXTargetDependency;
			target = "Alamofire::Alamofire" /* Alamofire */;
			targetProxy = 2147EB09247BDA7F0044EB37 /* PBXContainerItemProxy */;
		};
/* End PBXTargetDependency section */

/* Begin XCBuildConfiguration section */
		OBJ_100 /* Debug */ = {
			isa = XCBuildConfiguration;
			buildSettings = {
				LD = /usr/bin/true;
				OTHER_SWIFT_FLAGS = "-swift-version 5 -I $(TOOLCHAIN_DIR)/usr/lib/swift/pm/4_2 -target x86_64-apple-macosx10.10 -sdk /Applications/Xcode.app/Contents/Developer/Platforms/MacOSX.platform/Developer/SDKs/MacOSX10.15.sdk -package-description-version 5.1.0";
				SWIFT_VERSION = 5.0;
			};
			name = Debug;
		};
		OBJ_101 /* Release */ = {
			isa = XCBuildConfiguration;
			buildSettings = {
				LD = /usr/bin/true;
				OTHER_SWIFT_FLAGS = "-swift-version 5 -I $(TOOLCHAIN_DIR)/usr/lib/swift/pm/4_2 -target x86_64-apple-macosx10.10 -sdk /Applications/Xcode.app/Contents/Developer/Platforms/MacOSX.platform/Developer/SDKs/MacOSX10.15.sdk -package-description-version 5.1.0";
				SWIFT_VERSION = 5.0;
			};
			name = Release;
		};
		OBJ_106 /* Debug */ = {
			isa = XCBuildConfiguration;
			buildSettings = {
				ENABLE_TESTABILITY = YES;
				FRAMEWORK_SEARCH_PATHS = (
					"$(inherited)",
					"$(PLATFORM_DIR)/Developer/Library/Frameworks",
				);
				HEADER_SEARCH_PATHS = "$(inherited)";
				INFOPLIST_FILE = FunctionalRequest.xcodeproj/FunctionalRequest_Info.plist;
				IPHONEOS_DEPLOYMENT_TARGET = 10.0;
				LD_RUNPATH_SEARCH_PATHS = "$(inherited) $(TOOLCHAIN_DIR)/usr/lib/swift/macosx";
				MACOSX_DEPLOYMENT_TARGET = 10.12;
				OTHER_CFLAGS = "$(inherited)";
				OTHER_LDFLAGS = "$(inherited)";
				OTHER_SWIFT_FLAGS = "$(inherited)";
				PRODUCT_BUNDLE_IDENTIFIER = FunctionalRequest;
				PRODUCT_MODULE_NAME = "$(TARGET_NAME:c99extidentifier)";
				PRODUCT_NAME = "$(TARGET_NAME:c99extidentifier)";
				SKIP_INSTALL = YES;
				SWIFT_ACTIVE_COMPILATION_CONDITIONS = "$(inherited)";
				SWIFT_VERSION = 5.0;
				TARGET_NAME = FunctionalRequest;
				TVOS_DEPLOYMENT_TARGET = 10.0;
				WATCHOS_DEPLOYMENT_TARGET = 3.0;
			};
			name = Debug;
		};
		OBJ_107 /* Release */ = {
			isa = XCBuildConfiguration;
			buildSettings = {
				ENABLE_TESTABILITY = YES;
				FRAMEWORK_SEARCH_PATHS = (
					"$(inherited)",
					"$(PLATFORM_DIR)/Developer/Library/Frameworks",
				);
				HEADER_SEARCH_PATHS = "$(inherited)";
				INFOPLIST_FILE = FunctionalRequest.xcodeproj/FunctionalRequest_Info.plist;
				IPHONEOS_DEPLOYMENT_TARGET = 10.0;
				LD_RUNPATH_SEARCH_PATHS = "$(inherited) $(TOOLCHAIN_DIR)/usr/lib/swift/macosx";
				MACOSX_DEPLOYMENT_TARGET = 10.12;
				OTHER_CFLAGS = "$(inherited)";
				OTHER_LDFLAGS = "$(inherited)";
				OTHER_SWIFT_FLAGS = "$(inherited)";
				PRODUCT_BUNDLE_IDENTIFIER = FunctionalRequest;
				PRODUCT_MODULE_NAME = "$(TARGET_NAME:c99extidentifier)";
				PRODUCT_NAME = "$(TARGET_NAME:c99extidentifier)";
				SKIP_INSTALL = YES;
				SWIFT_ACTIVE_COMPILATION_CONDITIONS = "$(inherited)";
				SWIFT_VERSION = 5.0;
				TARGET_NAME = FunctionalRequest;
				TVOS_DEPLOYMENT_TARGET = 10.0;
				WATCHOS_DEPLOYMENT_TARGET = 3.0;
			};
			name = Release;
		};
		OBJ_118 /* Debug */ = {
			isa = XCBuildConfiguration;
			buildSettings = {
				LD = /usr/bin/true;
				OTHER_SWIFT_FLAGS = "-swift-version 5 -I $(TOOLCHAIN_DIR)/usr/lib/swift/pm/4_2 -target x86_64-apple-macosx10.10 -sdk /Applications/Xcode.app/Contents/Developer/Platforms/MacOSX.platform/Developer/SDKs/MacOSX10.15.sdk -package-description-version 5.2.0";
				SWIFT_VERSION = 5.0;
			};
			name = Debug;
		};
		OBJ_119 /* Release */ = {
			isa = XCBuildConfiguration;
			buildSettings = {
				LD = /usr/bin/true;
				OTHER_SWIFT_FLAGS = "-swift-version 5 -I $(TOOLCHAIN_DIR)/usr/lib/swift/pm/4_2 -target x86_64-apple-macosx10.10 -sdk /Applications/Xcode.app/Contents/Developer/Platforms/MacOSX.platform/Developer/SDKs/MacOSX10.15.sdk -package-description-version 5.2.0";
				SWIFT_VERSION = 5.0;
			};
			name = Release;
		};
		OBJ_124 /* Debug */ = {
			isa = XCBuildConfiguration;
			buildSettings = {
			};
			name = Debug;
		};
		OBJ_125 /* Release */ = {
			isa = XCBuildConfiguration;
			buildSettings = {
			};
			name = Release;
		};
		OBJ_129 /* Debug */ = {
			isa = XCBuildConfiguration;
			buildSettings = {
				CLANG_ENABLE_MODULES = YES;
				EMBEDDED_CONTENT_CONTAINS_SWIFT = YES;
				FRAMEWORK_SEARCH_PATHS = (
					"$(inherited)",
					"$(PLATFORM_DIR)/Developer/Library/Frameworks",
				);
				HEADER_SEARCH_PATHS = "$(inherited)";
				INFOPLIST_FILE = FunctionalRequest.xcodeproj/FunctionalRequestTests_Info.plist;
				IPHONEOS_DEPLOYMENT_TARGET = 10.0;
				LD_RUNPATH_SEARCH_PATHS = "$(inherited) @loader_path/../Frameworks @loader_path/Frameworks";
				MACOSX_DEPLOYMENT_TARGET = 10.12;
				OTHER_CFLAGS = "$(inherited)";
				OTHER_LDFLAGS = "$(inherited)";
				OTHER_SWIFT_FLAGS = "$(inherited)";
				SWIFT_ACTIVE_COMPILATION_CONDITIONS = "$(inherited)";
				SWIFT_VERSION = 5.0;
				TARGET_NAME = FunctionalRequestTests;
				TVOS_DEPLOYMENT_TARGET = 10.0;
				WATCHOS_DEPLOYMENT_TARGET = 3.0;
			};
			name = Debug;
		};
		OBJ_130 /* Release */ = {
			isa = XCBuildConfiguration;
			buildSettings = {
				CLANG_ENABLE_MODULES = YES;
				EMBEDDED_CONTENT_CONTAINS_SWIFT = YES;
				FRAMEWORK_SEARCH_PATHS = (
					"$(inherited)",
					"$(PLATFORM_DIR)/Developer/Library/Frameworks",
				);
				HEADER_SEARCH_PATHS = "$(inherited)";
				INFOPLIST_FILE = FunctionalRequest.xcodeproj/FunctionalRequestTests_Info.plist;
				IPHONEOS_DEPLOYMENT_TARGET = 10.0;
				LD_RUNPATH_SEARCH_PATHS = "$(inherited) @loader_path/../Frameworks @loader_path/Frameworks";
				MACOSX_DEPLOYMENT_TARGET = 10.12;
				OTHER_CFLAGS = "$(inherited)";
				OTHER_LDFLAGS = "$(inherited)";
				OTHER_SWIFT_FLAGS = "$(inherited)";
				SWIFT_ACTIVE_COMPILATION_CONDITIONS = "$(inherited)";
				SWIFT_VERSION = 5.0;
				TARGET_NAME = FunctionalRequestTests;
				TVOS_DEPLOYMENT_TARGET = 10.0;
				WATCHOS_DEPLOYMENT_TARGET = 3.0;
			};
			name = Release;
		};
		OBJ_3 /* Debug */ = {
			isa = XCBuildConfiguration;
			buildSettings = {
				CLANG_ENABLE_OBJC_ARC = YES;
				COMBINE_HIDPI_IMAGES = YES;
				COPY_PHASE_STRIP = NO;
				DEBUG_INFORMATION_FORMAT = dwarf;
				DYLIB_INSTALL_NAME_BASE = "@rpath";
				ENABLE_NS_ASSERTIONS = YES;
				GCC_OPTIMIZATION_LEVEL = 0;
				GCC_PREPROCESSOR_DEFINITIONS = (
					"$(inherited)",
					"SWIFT_PACKAGE=1",
					"DEBUG=1",
				);
				MACOSX_DEPLOYMENT_TARGET = 10.10;
				ONLY_ACTIVE_ARCH = YES;
				OTHER_SWIFT_FLAGS = "$(inherited) -DXcode";
				PRODUCT_NAME = "$(TARGET_NAME)";
				SDKROOT = macosx;
				SUPPORTED_PLATFORMS = "macosx iphoneos iphonesimulator appletvos appletvsimulator watchos watchsimulator";
				SWIFT_ACTIVE_COMPILATION_CONDITIONS = "$(inherited) SWIFT_PACKAGE DEBUG";
				SWIFT_OPTIMIZATION_LEVEL = "-Onone";
				USE_HEADERMAP = NO;
			};
			name = Debug;
		};
		OBJ_4 /* Release */ = {
			isa = XCBuildConfiguration;
			buildSettings = {
				CLANG_ENABLE_OBJC_ARC = YES;
				COMBINE_HIDPI_IMAGES = YES;
				COPY_PHASE_STRIP = YES;
				DEBUG_INFORMATION_FORMAT = "dwarf-with-dsym";
				DYLIB_INSTALL_NAME_BASE = "@rpath";
				GCC_OPTIMIZATION_LEVEL = s;
				GCC_PREPROCESSOR_DEFINITIONS = (
					"$(inherited)",
					"SWIFT_PACKAGE=1",
				);
				MACOSX_DEPLOYMENT_TARGET = 10.10;
				OTHER_SWIFT_FLAGS = "$(inherited) -DXcode";
				PRODUCT_NAME = "$(TARGET_NAME)";
				SDKROOT = macosx;
				SUPPORTED_PLATFORMS = "macosx iphoneos iphonesimulator appletvos appletvsimulator watchos watchsimulator";
				SWIFT_ACTIVE_COMPILATION_CONDITIONS = "$(inherited) SWIFT_PACKAGE";
				SWIFT_OPTIMIZATION_LEVEL = "-Owholemodule";
				USE_HEADERMAP = NO;
			};
			name = Release;
		};
		OBJ_61 /* Debug */ = {
			isa = XCBuildConfiguration;
			buildSettings = {
				ENABLE_TESTABILITY = YES;
				FRAMEWORK_SEARCH_PATHS = (
					"$(inherited)",
					"$(PLATFORM_DIR)/Developer/Library/Frameworks",
				);
				HEADER_SEARCH_PATHS = "$(inherited)";
				INFOPLIST_FILE = FunctionalRequest.xcodeproj/Alamofire_Info.plist;
				IPHONEOS_DEPLOYMENT_TARGET = 10.0;
				LD_RUNPATH_SEARCH_PATHS = "$(inherited) $(TOOLCHAIN_DIR)/usr/lib/swift/macosx";
				MACOSX_DEPLOYMENT_TARGET = 10.12;
				OTHER_CFLAGS = "$(inherited)";
				OTHER_LDFLAGS = "$(inherited)";
				OTHER_SWIFT_FLAGS = "$(inherited)";
				PRODUCT_BUNDLE_IDENTIFIER = Alamofire;
				PRODUCT_MODULE_NAME = "$(TARGET_NAME:c99extidentifier)";
				PRODUCT_NAME = "$(TARGET_NAME:c99extidentifier)";
				SKIP_INSTALL = YES;
				SWIFT_ACTIVE_COMPILATION_CONDITIONS = "$(inherited)";
				SWIFT_VERSION = 5.0;
				TARGET_NAME = Alamofire;
				TVOS_DEPLOYMENT_TARGET = 10.0;
				WATCHOS_DEPLOYMENT_TARGET = 3.0;
			};
			name = Debug;
		};
		OBJ_62 /* Release */ = {
			isa = XCBuildConfiguration;
			buildSettings = {
				ENABLE_TESTABILITY = YES;
				FRAMEWORK_SEARCH_PATHS = (
					"$(inherited)",
					"$(PLATFORM_DIR)/Developer/Library/Frameworks",
				);
				HEADER_SEARCH_PATHS = "$(inherited)";
				INFOPLIST_FILE = FunctionalRequest.xcodeproj/Alamofire_Info.plist;
				IPHONEOS_DEPLOYMENT_TARGET = 10.0;
				LD_RUNPATH_SEARCH_PATHS = "$(inherited) $(TOOLCHAIN_DIR)/usr/lib/swift/macosx";
				MACOSX_DEPLOYMENT_TARGET = 10.12;
				OTHER_CFLAGS = "$(inherited)";
				OTHER_LDFLAGS = "$(inherited)";
				OTHER_SWIFT_FLAGS = "$(inherited)";
				PRODUCT_BUNDLE_IDENTIFIER = Alamofire;
				PRODUCT_MODULE_NAME = "$(TARGET_NAME:c99extidentifier)";
				PRODUCT_NAME = "$(TARGET_NAME:c99extidentifier)";
				SKIP_INSTALL = YES;
				SWIFT_ACTIVE_COMPILATION_CONDITIONS = "$(inherited)";
				SWIFT_VERSION = 5.0;
				TARGET_NAME = Alamofire;
				TVOS_DEPLOYMENT_TARGET = 10.0;
				WATCHOS_DEPLOYMENT_TARGET = 3.0;
			};
			name = Release;
		};
/* End XCBuildConfiguration section */

/* Begin XCConfigurationList section */
		OBJ_105 /* Build configuration list for PBXNativeTarget "FunctionalRequest" */ = {
			isa = XCConfigurationList;
			buildConfigurations = (
				OBJ_106 /* Debug */,
				OBJ_107 /* Release */,
			);
			defaultConfigurationIsVisible = 0;
			defaultConfigurationName = Release;
		};
		OBJ_117 /* Build configuration list for PBXNativeTarget "FunctionalRequestPackageDescription" */ = {
			isa = XCConfigurationList;
			buildConfigurations = (
				OBJ_118 /* Debug */,
				OBJ_119 /* Release */,
			);
			defaultConfigurationIsVisible = 0;
			defaultConfigurationName = Release;
		};
		OBJ_123 /* Build configuration list for PBXAggregateTarget "FunctionalRequestPackageTests" */ = {
			isa = XCConfigurationList;
			buildConfigurations = (
				OBJ_124 /* Debug */,
				OBJ_125 /* Release */,
			);
			defaultConfigurationIsVisible = 0;
			defaultConfigurationName = Release;
		};
		OBJ_128 /* Build configuration list for PBXNativeTarget "FunctionalRequestTests" */ = {
			isa = XCConfigurationList;
			buildConfigurations = (
				OBJ_129 /* Debug */,
				OBJ_130 /* Release */,
			);
			defaultConfigurationIsVisible = 0;
			defaultConfigurationName = Release;
		};
		OBJ_2 /* Build configuration list for PBXProject "FunctionalRequest" */ = {
			isa = XCConfigurationList;
			buildConfigurations = (
				OBJ_3 /* Debug */,
				OBJ_4 /* Release */,
			);
			defaultConfigurationIsVisible = 0;
			defaultConfigurationName = Release;
		};
		OBJ_60 /* Build configuration list for PBXNativeTarget "Alamofire" */ = {
			isa = XCConfigurationList;
			buildConfigurations = (
				OBJ_61 /* Debug */,
				OBJ_62 /* Release */,
			);
			defaultConfigurationIsVisible = 0;
			defaultConfigurationName = Release;
		};
		OBJ_99 /* Build configuration list for PBXNativeTarget "AlamofirePackageDescription" */ = {
			isa = XCConfigurationList;
			buildConfigurations = (
				OBJ_100 /* Debug */,
				OBJ_101 /* Release */,
			);
			defaultConfigurationIsVisible = 0;
			defaultConfigurationName = Release;
		};
/* End XCConfigurationList section */
	};
	rootObject = OBJ_1 /* Project object */;
}
