PODS:
  - Alamofire (5.2.2)
  - FunctionalRequest (0.9.0):
    - Alamofire (~> 5.2.0)

DEPENDENCIES:
  - FunctionalRequest (from `../../`)

SPEC REPOS:
  trunk:
    - Alamofire

EXTERNAL SOURCES:
  FunctionalRequest:
    :path: "../../"

SPEC CHECKSUMS:
  Alamofire: 814429acc853c6c54ff123fc3d2ef66803823ce0
  FunctionalRequest: 9ce6836dd1f2920928dd67161f8851206014687f

PODFILE CHECKSUM: 408f69b7a52302e7384fd32a4079ac318d456bdb

COCOAPODS: 1.9.3
